
Microsoft Visual Studio Solution File, Format Version 12.00
# Visual Studio 2013
VisualStudioVersion = 12.0.31101.0
MinimumVisualStudioVersion = 10.0.40219.1
Project("{FAE04EC0-301F-11D3-BF4B-00C04F79EFBC}") = "WP_Conta", "WP_Conta\WP_Conta.csproj", "{46D178E7-FB44-4D5E-B790-C71515B92FB9}"
EndProject
Project("{FAE04EC0-301F-11D3-BF4B-00C04F79EFBC}") = "WP_Agenda", "WP_Agenda\WP_Agenda.csproj", "{7E222E38-7BDC-49A5-8E7C-09D3313C54AA}"
EndProject
Project("{2150E333-8FDC-42A3-9474-1A3956D46DE8}") = "WP_Conta", "WP_Conta", "{877F2E0F-6DBC-46B1-AC09-841518B071E9}"
EndProject
Project("{D954291E-2A0B-460D-934E-DC6B0785DB48}") = "WP_Conta.Shared", "WP_Conta.Shared\WP_Conta.Shared.shproj", "{FC4145A9-5808-4BA2-9EC7-1DA86AB0C3B5}"
EndProject
Project("{FAE04EC0-301F-11D3-BF4B-00C04F79EFBC}") = "WP_Conta.Windows", "WP_Conta.Windows\WP_Conta.Windows.csproj", "{B1DB69B0-9E75-4D6B-A931-7F8BC74393C9}"
EndProject
Project("{2150E333-8FDC-42A3-9474-1A3956D46DE8}") = "WP_Agenda", "WP_Agenda", "{B95BA640-2A1B-441B-8995-EF425C425B4E}"
EndProject
Project("{D954291E-2A0B-460D-934E-DC6B0785DB48}") = "WP_Agenda.Shared", "WP_Agenda.Shared\WP_Agenda.Shared.shproj", "{BADA74CC-1EB4-47E9-85DF-539A48114552}"
EndProject
Project("{FAE04EC0-301F-11D3-BF4B-00C04F79EFBC}") = "WP_Agenda.Windows", "WP_Agenda.Windows\WP_Agenda.Windows.csproj", "{55BB0846-1C09-4EB3-984E-5BE00F4C4969}"
EndProject
Global
	GlobalSection(SharedMSBuildProjectFiles) = preSolution
		WP_Conta.Shared\WP_Conta.Shared.projitems*{fc4145a9-5808-4ba2-9ec7-1da86ab0c3b5}*SharedItemsImports = 13
		WP_Agenda.Shared\WP_Agenda.Shared.projitems*{bada74cc-1eb4-47e9-85df-539a48114552}*SharedItemsImports = 13
		WP_Agenda.Shared\WP_Agenda.Shared.projitems*{7e222e38-7bdc-49a5-8e7c-09d3313c54aa}*SharedItemsImports = 4
		WP_Agenda.Shared\WP_Agenda.Shared.projitems*{55bb0846-1c09-4eb3-984e-5be00f4c4969}*SharedItemsImports = 4
		WP_Conta.Shared\WP_Conta.Shared.projitems*{b1db69b0-9e75-4d6b-a931-7f8bc74393c9}*SharedItemsImports = 4
		WP_Conta.Shared\WP_Conta.Shared.projitems*{46d178e7-fb44-4d5e-b790-c71515b92fb9}*SharedItemsImports = 4
	EndGlobalSection
	GlobalSection(SolutionConfigurationPlatforms) = preSolution
		Debug|Any CPU = Debug|Any CPU
		Debug|ARM = Debug|ARM
		Debug|x64 = Debug|x64
		Debug|x86 = Debug|x86
		Release|Any CPU = Release|Any CPU
		Release|ARM = Release|ARM
		Release|x64 = Release|x64
		Release|x86 = Release|x86
	EndGlobalSection
	GlobalSection(ProjectConfigurationPlatforms) = postSolution
		{46D178E7-FB44-4D5E-B790-C71515B92FB9}.Debug|Any CPU.ActiveCfg = Debug|Any CPU
		{46D178E7-FB44-4D5E-B790-C71515B92FB9}.Debug|Any CPU.Build.0 = Debug|Any CPU
		{46D178E7-FB44-4D5E-B790-C71515B92FB9}.Debug|Any CPU.Deploy.0 = Debug|Any CPU
		{46D178E7-FB44-4D5E-B790-C71515B92FB9}.Debug|ARM.ActiveCfg = Debug|ARM
		{46D178E7-FB44-4D5E-B790-C71515B92FB9}.Debug|ARM.Build.0 = Debug|ARM
		{46D178E7-FB44-4D5E-B790-C71515B92FB9}.Debug|ARM.Deploy.0 = Debug|ARM
		{46D178E7-FB44-4D5E-B790-C71515B92FB9}.Debug|x64.ActiveCfg = Debug|Any CPU
		{46D178E7-FB44-4D5E-B790-C71515B92FB9}.Debug|x86.ActiveCfg = Debug|x86
		{46D178E7-FB44-4D5E-B790-C71515B92FB9}.Debug|x86.Build.0 = Debug|x86
		{46D178E7-FB44-4D5E-B790-C71515B92FB9}.Debug|x86.Deploy.0 = Debug|x86
		{46D178E7-FB44-4D5E-B790-C71515B92FB9}.Release|Any CPU.ActiveCfg = Release|Any CPU
		{46D178E7-FB44-4D5E-B790-C71515B92FB9}.Release|Any CPU.Build.0 = Release|Any CPU
		{46D178E7-FB44-4D5E-B790-C71515B92FB9}.Release|Any CPU.Deploy.0 = Release|Any CPU
		{46D178E7-FB44-4D5E-B790-C71515B92FB9}.Release|ARM.ActiveCfg = Release|ARM
		{46D178E7-FB44-4D5E-B790-C71515B92FB9}.Release|ARM.Build.0 = Release|ARM
		{46D178E7-FB44-4D5E-B790-C71515B92FB9}.Release|ARM.Deploy.0 = Release|ARM
		{46D178E7-FB44-4D5E-B790-C71515B92FB9}.Release|x64.ActiveCfg = Release|Any CPU
		{46D178E7-FB44-4D5E-B790-C71515B92FB9}.Release|x86.ActiveCfg = Release|x86
		{46D178E7-FB44-4D5E-B790-C71515B92FB9}.Release|x86.Build.0 = Release|x86
		{46D178E7-FB44-4D5E-B790-C71515B92FB9}.Release|x86.Deploy.0 = Release|x86
		{7E222E38-7BDC-49A5-8E7C-09D3313C54AA}.Debug|Any CPU.ActiveCfg = Debug|Any CPU
		{7E222E38-7BDC-49A5-8E7C-09D3313C54AA}.Debug|Any CPU.Build.0 = Debug|Any CPU
		{7E222E38-7BDC-49A5-8E7C-09D3313C54AA}.Debug|Any CPU.Deploy.0 = Debug|Any CPU
		{7E222E38-7BDC-49A5-8E7C-09D3313C54AA}.Debug|ARM.ActiveCfg = Debug|ARM
		{7E222E38-7BDC-49A5-8E7C-09D3313C54AA}.Debug|ARM.Build.0 = Debug|ARM
		{7E222E38-7BDC-49A5-8E7C-09D3313C54AA}.Debug|ARM.Deploy.0 = Debug|ARM
		{7E222E38-7BDC-49A5-8E7C-09D3313C54AA}.Debug|x64.ActiveCfg = Debug|Any CPU
		{7E222E38-7BDC-49A5-8E7C-09D3313C54AA}.Debug|x86.ActiveCfg = Debug|x86
		{7E222E38-7BDC-49A5-8E7C-09D3313C54AA}.Debug|x86.Build.0 = Debug|x86
		{7E222E38-7BDC-49A5-8E7C-09D3313C54AA}.Debug|x86.Deploy.0 = Debug|x86
		{7E222E38-7BDC-49A5-8E7C-09D3313C54AA}.Release|Any CPU.ActiveCfg = Release|Any CPU
		{7E222E38-7BDC-49A5-8E7C-09D3313C54AA}.Release|Any CPU.Build.0 = Release|Any CPU
		{7E222E38-7BDC-49A5-8E7C-09D3313C54AA}.Release|Any CPU.Deploy.0 = Release|Any CPU
		{7E222E38-7BDC-49A5-8E7C-09D3313C54AA}.Release|ARM.ActiveCfg = Release|ARM
		{7E222E38-7BDC-49A5-8E7C-09D3313C54AA}.Release|ARM.Build.0 = Release|ARM
		{7E222E38-7BDC-49A5-8E7C-09D3313C54AA}.Release|ARM.Deploy.0 = Release|ARM
		{7E222E38-7BDC-49A5-8E7C-09D3313C54AA}.Release|x64.ActiveCfg = Release|Any CPU
		{7E222E38-7BDC-49A5-8E7C-09D3313C54AA}.Release|x86.ActiveCfg = Release|x86
		{7E222E38-7BDC-49A5-8E7C-09D3313C54AA}.Release|x86.Build.0 = Release|x86
		{7E222E38-7BDC-49A5-8E7C-09D3313C54AA}.Release|x86.Deploy.0 = Release|x86
		{B1DB69B0-9E75-4D6B-A931-7F8BC74393C9}.Debug|Any CPU.ActiveCfg = Debug|Any CPU
		{B1DB69B0-9E75-4D6B-A931-7F8BC74393C9}.Debug|Any CPU.Build.0 = Debug|Any CPU
		{B1DB69B0-9E75-4D6B-A931-7F8BC74393C9}.Debug|Any CPU.Deploy.0 = Debug|Any CPU
		{B1DB69B0-9E75-4D6B-A931-7F8BC74393C9}.Debug|ARM.ActiveCfg = Debug|ARM
		{B1DB69B0-9E75-4D6B-A931-7F8BC74393C9}.Debug|ARM.Build.0 = Debug|ARM
		{B1DB69B0-9E75-4D6B-A931-7F8BC74393C9}.Debug|ARM.Deploy.0 = Debug|ARM
		{B1DB69B0-9E75-4D6B-A931-7F8BC74393C9}.Debug|x64.ActiveCfg = Debug|x64
		{B1DB69B0-9E75-4D6B-A931-7F8BC74393C9}.Debug|x64.Build.0 = Debug|x64
		{B1DB69B0-9E75-4D6B-A931-7F8BC74393C9}.Debug|x64.Deploy.0 = Debug|x64
		{B1DB69B0-9E75-4D6B-A931-7F8BC74393C9}.Debug|x86.ActiveCfg = Debug|x86
		{B1DB69B0-9E75-4D6B-A931-7F8BC74393C9}.Debug|x86.Build.0 = Debug|x86
		{B1DB69B0-9E75-4D6B-A931-7F8BC74393C9}.Debug|x86.Deploy.0 = Debug|x86
		{B1DB69B0-9E75-4D6B-A931-7F8BC74393C9}.Release|Any CPU.ActiveCfg = Release|Any CPU
		{B1DB69B0-9E75-4D6B-A931-7F8BC74393C9}.Release|Any CPU.Build.0 = Release|Any CPU
		{B1DB69B0-9E75-4D6B-A931-7F8BC74393C9}.Release|Any CPU.Deploy.0 = Release|Any CPU
		{B1DB69B0-9E75-4D6B-A931-7F8BC74393C9}.Release|ARM.ActiveCfg = Release|ARM
		{B1DB69B0-9E75-4D6B-A931-7F8BC74393C9}.Release|ARM.Build.0 = Release|ARM
		{B1DB69B0-9E75-4D6B-A931-7F8BC74393C9}.Release|ARM.Deploy.0 = Release|ARM
		{B1DB69B0-9E75-4D6B-A931-7F8BC74393C9}.Release|x64.ActiveCfg = Release|x64
		{B1DB69B0-9E75-4D6B-A931-7F8BC74393C9}.Release|x64.Build.0 = Release|x64
		{B1DB69B0-9E75-4D6B-A931-7F8BC74393C9}.Release|x64.Deploy.0 = Release|x64
		{B1DB69B0-9E75-4D6B-A931-7F8BC74393C9}.Release|x86.ActiveCfg = Release|x86
		{B1DB69B0-9E75-4D6B-A931-7F8BC74393C9}.Release|x86.Build.0 = Release|x86
		{B1DB69B0-9E75-4D6B-A931-7F8BC74393C9}.Release|x86.Deploy.0 = Release|x86
		{55BB0846-1C09-4EB3-984E-5BE00F4C4969}.Debug|Any CPU.ActiveCfg = Debug|Any CPU
		{55BB0846-1C09-4EB3-984E-5BE00F4C4969}.Debug|Any CPU.Build.0 = Debug|Any CPU
		{55BB0846-1C09-4EB3-984E-5BE00F4C4969}.Debug|Any CPU.Deploy.0 = Debug|Any CPU
		{55BB0846-1C09-4EB3-984E-5BE00F4C4969}.Debug|ARM.ActiveCfg = Debug|ARM
		{55BB0846-1C09-4EB3-984E-5BE00F4C4969}.Debug|ARM.Build.0 = Debug|ARM
		{55BB0846-1C09-4EB3-984E-5BE00F4C4969}.Debug|ARM.Deploy.0 = Debug|ARM
		{55BB0846-1C09-4EB3-984E-5BE00F4C4969}.Debug|x64.ActiveCfg = Debug|x64
		{55BB0846-1C09-4EB3-984E-5BE00F4C4969}.Debug|x64.Build.0 = Debug|x64
		{55BB0846-1C09-4EB3-984E-5BE00F4C4969}.Debug|x64.Deploy.0 = Debug|x64
		{55BB0846-1C09-4EB3-984E-5BE00F4C4969}.Debug|x86.ActiveCfg = Debug|x86
		{55BB0846-1C09-4EB3-984E-5BE00F4C4969}.Debug|x86.Build.0 = Debug|x86
		{55BB0846-1C09-4EB3-984E-5BE00F4C4969}.Debug|x86.Deploy.0 = Debug|x86
		{55BB0846-1C09-4EB3-984E-5BE00F4C4969}.Release|Any CPU.ActiveCfg = Release|Any CPU
		{55BB0846-1C09-4EB3-984E-5BE00F4C4969}.Release|Any CPU.Build.0 = Release|Any CPU
		{55BB0846-1C09-4EB3-984E-5BE00F4C4969}.Release|Any CPU.Deploy.0 = Release|Any CPU
		{55BB0846-1C09-4EB3-984E-5BE00F4C4969}.Release|ARM.ActiveCfg = Release|ARM
		{55BB0846-1C09-4EB3-984E-5BE00F4C4969}.Release|ARM.Build.0 = Release|ARM
		{55BB0846-1C09-4EB3-984E-5BE00F4C4969}.Release|ARM.Deploy.0 = Release|ARM
		{55BB0846-1C09-4EB3-984E-5BE00F4C4969}.Release|x64.ActiveCfg = Release|x64
		{55BB0846-1C09-4EB3-984E-5BE00F4C4969}.Release|x64.Build.0 = Release|x64
		{55BB0846-1C09-4EB3-984E-5BE00F4C4969}.Release|x64.Deploy.0 = Release|x64
		{55BB0846-1C09-4EB3-984E-5BE00F4C4969}.Release|x86.ActiveCfg = Release|x86
		{55BB0846-1C09-4EB3-984E-5BE00F4C4969}.Release|x86.Build.0 = Release|x86
		{55BB0846-1C09-4EB3-984E-5BE00F4C4969}.Release|x86.Deploy.0 = Release|x86
	EndGlobalSection
	GlobalSection(SolutionProperties) = preSolution
		HideSolutionNode = FALSE
	EndGlobalSection
	GlobalSection(NestedProjects) = preSolution
		{46D178E7-FB44-4D5E-B790-C71515B92FB9} = {877F2E0F-6DBC-46B1-AC09-841518B071E9}
		{7E222E38-7BDC-49A5-8E7C-09D3313C54AA} = {B95BA640-2A1B-441B-8995-EF425C425B4E}
		{FC4145A9-5808-4BA2-9EC7-1DA86AB0C3B5} = {877F2E0F-6DBC-46B1-AC09-841518B071E9}
		{B1DB69B0-9E75-4D6B-A931-7F8BC74393C9} = {877F2E0F-6DBC-46B1-AC09-841518B071E9}
		{BADA74CC-1EB4-47E9-85DF-539A48114552} = {B95BA640-2A1B-441B-8995-EF425C425B4E}
		{55BB0846-1C09-4EB3-984E-5BE00F4C4969} = {B95BA640-2A1B-441B-8995-EF425C425B4E}
	EndGlobalSection
EndGlobal
